
Microsoft Visual Studio Solution File, Format Version 12.00
# Visual Studio Version 17
VisualStudioVersion = 17.11.35327.3
MinimumVisualStudioVersion = 10.0.40219.1
Project("{FAE04EC0-301F-11D3-BF4B-00C04F79EFBC}") = "CICDTest.Api", "CICDTest.Api\CICDTest.Api.csproj", "{4BE0E88E-3BEE-470A-83B3-AF018F27775D}"
EndProject
Project("{FAE04EC0-301F-11D3-BF4B-00C04F79EFBC}") = "CICDTest.Test", "CICDTest.Test\CICDTest.Test.csproj", "{7C64FE56-0216-4DEE-9900-47915695D868}"
EndProject
Global
	GlobalSection(SolutionConfigurationPlatforms) = preSolution
		Debug|Any CPU = Debug|Any CPU
		Release|Any CPU = Release|Any CPU
	EndGlobalSection
	GlobalSection(ProjectConfigurationPlatforms) = postSolution
		{4BE0E88E-3BEE-470A-83B3-AF018F27775D}.Debug|Any CPU.ActiveCfg = Debug|Any CPU
		{4BE0E88E-3BEE-470A-83B3-AF018F27775D}.Debug|Any CPU.Build.0 = Debug|Any CPU
		{4BE0E88E-3BEE-470A-83B3-AF018F27775D}.Release|Any CPU.ActiveCfg = Release|Any CPU
		{4BE0E88E-3BEE-470A-83B3-AF018F27775D}.Release|Any CPU.Build.0 = Release|Any CPU
		{7C64FE56-0216-4DEE-9900-47915695D868}.Debug|Any CPU.ActiveCfg = Debug|Any CPU
		{7C64FE56-0216-4DEE-9900-47915695D868}.Debug|Any CPU.Build.0 = Debug|Any CPU
		{7C64FE56-0216-4DEE-9900-47915695D868}.Release|Any CPU.ActiveCfg = Release|Any CPU
		{7C64FE56-0216-4DEE-9900-47915695D868}.Release|Any CPU.Build.0 = Release|Any CPU
	EndGlobalSection
	GlobalSection(SolutionProperties) = preSolution
		HideSolutionNode = FALSE
	EndGlobalSection
	GlobalSection(ExtensibilityGlobals) = postSolution
		SolutionGuid = {3DF70A91-13E1-4AE2-ABE4-4CA7EA599935}
	EndGlobalSection
EndGlobal
